
Microsoft Visual Studio Solution File, Format Version 12.00
# Visual Studio Version 17
VisualStudioVersion = 17.0.32014.148
MinimumVisualStudioVersion = 10.0.40219.1
Project("{FAE04EC0-301F-11D3-BF4B-00C04F79EFBC}") = "homework-7.8", "homework-7.8\homework-7.8.csproj", "{52E8AB01-DDC3-4225-BED4-E5F609DF712B}"
EndProject
Global
	GlobalSection(SolutionConfigurationPlatforms) = preSolution
		Debug|Any CPU = Debug|Any CPU
		Release|Any CPU = Release|Any CPU
	EndGlobalSection
	GlobalSection(ProjectConfigurationPlatforms) = postSolution
		{52E8AB01-DDC3-4225-BED4-E5F609DF712B}.Debug|Any CPU.ActiveCfg = Debug|Any CPU
		{52E8AB01-DDC3-4225-BED4-E5F609DF712B}.Debug|Any CPU.Build.0 = Debug|Any CPU
		{52E8AB01-DDC3-4225-BED4-E5F609DF712B}.Release|Any CPU.ActiveCfg = Release|Any CPU
		{52E8AB01-DDC3-4225-BED4-E5F609DF712B}.Release|Any CPU.Build.0 = Release|Any CPU
	EndGlobalSection
	GlobalSection(SolutionProperties) = preSolution
		HideSolutionNode = FALSE
	EndGlobalSection
	GlobalSection(ExtensibilityGlobals) = postSolution
		SolutionGuid = {473FD7BE-9608-4F54-B0C9-6675BB24CBAA}
	EndGlobalSection
EndGlobal
